# THIS IS AN AUTOGENERATED FILE. DO NOT EDIT THIS FILE DIRECTLY.
# yarn lockfile v1


"@getalby/lightning-tools@^5.1.2", "@getalby/lightning-tools@^5.2.0":
  version "5.2.0"
  resolved "https://registry.yarnpkg.com/@getalby/lightning-tools/-/lightning-tools-5.2.0.tgz#5f71ce9b25c04adeb7e421e920d0a28dfe32e082"
  integrity sha512-8kBvENBTMh541VjGKhw3I29+549/C02gLSh3AQaMfoMNSZaMxfQW+7dcMcc7vbFaCKEcEe18ST5bUveTRBuXCQ==

"@getalby/pkgzap@^1.2.0":
  version "1.2.0"
  resolved "https://registry.yarnpkg.com/@getalby/pkgzap/-/pkgzap-1.2.0.tgz#e68cbad0c47074b07dc30f460e6b3b3f7352510c"
  integrity sha512-JzjJKeFTO8IVs2HPpCJlrHwClpkKAVviYJ1ab+U4NhriuxlgYh8sbo6E7z898KCp67JsCNwQw7ILHODqVKco3w==

"@getalby/sdk@^5.1.1":
  version "5.1.1"
  resolved "https://registry.yarnpkg.com/@getalby/sdk/-/sdk-5.1.1.tgz#d81c9094e54c677533fcf6b0b8af5af1343953ed"
  integrity sha512-t/kg2ljPx86qRYKqEVc5VYhDICFKtVPRlQKIz5cI/AqOLYVguLJz1AkQlDBaiOz2PW5FxoyGlLkTGmX7ONHH/Q==
  dependencies:
    "@getalby/lightning-tools" "^5.1.2"
    nostr-tools "2.15.0"

"@inquirer/checkbox@^4.1.9":
  version "4.1.9"
  resolved "https://registry.yarnpkg.com/@inquirer/checkbox/-/checkbox-4.1.9.tgz#431c65a3a1fd289be8102034ece15c91dda1ceec"
  integrity sha512-DBJBkzI5Wx4jFaYm221LHvAhpKYkhVS0k9plqHwaHhofGNxvYB7J3Bz8w+bFJ05zaMb0sZNHo4KdmENQFlNTuQ==
  dependencies:
    "@inquirer/core" "^10.1.14"
    "@inquirer/figures" "^1.0.12"
    "@inquirer/type" "^3.0.7"
    ansi-escapes "^4.3.2"
    yoctocolors-cjs "^2.1.2"

"@inquirer/confirm@^5.1.13":
  version "5.1.13"
  resolved "https://registry.yarnpkg.com/@inquirer/confirm/-/confirm-5.1.13.tgz#4931515edc63e25d833c9a40ccf1855e8e822dbc"
  integrity sha512-EkCtvp67ICIVVzjsquUiVSd+V5HRGOGQfsqA4E4vMWhYnB7InUL0pa0TIWt1i+OfP16Gkds8CdIu6yGZwOM1Yw==
  dependencies:
    "@inquirer/core" "^10.1.14"
    "@inquirer/type" "^3.0.7"

"@inquirer/core@^10.1.14":
  version "10.1.14"
  resolved "https://registry.yarnpkg.com/@inquirer/core/-/core-10.1.14.tgz#7678b2daaecf32fa2f6e02a03dc235f9620e197f"
  integrity sha512-Ma+ZpOJPewtIYl6HZHZckeX1STvDnHTCB2GVINNUlSEn2Am6LddWwfPkIGY0IUFVjUUrr/93XlBwTK6mfLjf0A==
  dependencies:
    "@inquirer/figures" "^1.0.12"
    "@inquirer/type" "^3.0.7"
    ansi-escapes "^4.3.2"
    cli-width "^4.1.0"
    mute-stream "^2.0.0"
    signal-exit "^4.1.0"
    wrap-ansi "^6.2.0"
    yoctocolors-cjs "^2.1.2"

"@inquirer/editor@^4.2.14":
  version "4.2.14"
  resolved "https://registry.yarnpkg.com/@inquirer/editor/-/editor-4.2.14.tgz#74565caa37cd5f892a44663455194c35a527bfaf"
  integrity sha512-yd2qtLl4QIIax9DTMZ1ZN2pFrrj+yL3kgIWxm34SS6uwCr0sIhsNyudUjAo5q3TqI03xx4SEBkUJqZuAInp9uA==
  dependencies:
    "@inquirer/core" "^10.1.14"
    "@inquirer/type" "^3.0.7"
    external-editor "^3.1.0"

"@inquirer/expand@^4.0.16":
  version "4.0.16"
  resolved "https://registry.yarnpkg.com/@inquirer/expand/-/expand-4.0.16.tgz#c87bbb0d5b05e4b54366e2841f993819f2339290"
  integrity sha512-oiDqafWzMtofeJyyGkb1CTPaxUkjIcSxePHHQCfif8t3HV9pHcw1Kgdw3/uGpDvaFfeTluwQtWiqzPVjAqS3zA==
  dependencies:
    "@inquirer/core" "^10.1.14"
    "@inquirer/type" "^3.0.7"
    yoctocolors-cjs "^2.1.2"

"@inquirer/figures@^1.0.12":
  version "1.0.12"
  resolved "https://registry.yarnpkg.com/@inquirer/figures/-/figures-1.0.12.tgz#667d6254cc7ba3b0c010a323d78024a1d30c6053"
  integrity sha512-MJttijd8rMFcKJC8NYmprWr6hD3r9Gd9qUC0XwPNwoEPWSMVJwA2MlXxF+nhZZNMY+HXsWa+o7KY2emWYIn0jQ==

"@inquirer/input@^4.2.0":
  version "4.2.0"
  resolved "https://registry.yarnpkg.com/@inquirer/input/-/input-4.2.0.tgz#ba13f09765b040964e21402b8f3d8019791996f9"
  integrity sha512-opqpHPB1NjAmDISi3uvZOTrjEEU5CWVu/HBkDby8t93+6UxYX0Z7Ps0Ltjm5sZiEbWenjubwUkivAEYQmy9xHw==
  dependencies:
    "@inquirer/core" "^10.1.14"
    "@inquirer/type" "^3.0.7"

"@inquirer/number@^3.0.16":
  version "3.0.16"
  resolved "https://registry.yarnpkg.com/@inquirer/number/-/number-3.0.16.tgz#1abf6fc71af9f44954291a6d9211a9e572c64906"
  integrity sha512-kMrXAaKGavBEoBYUCgualbwA9jWUx2TjMA46ek+pEKy38+LFpL9QHlTd8PO2kWPUgI/KB+qi02o4y2rwXbzr3Q==
  dependencies:
    "@inquirer/core" "^10.1.14"
    "@inquirer/type" "^3.0.7"

"@inquirer/password@^4.0.16":
  version "4.0.16"
  resolved "https://registry.yarnpkg.com/@inquirer/password/-/password-4.0.16.tgz#baa79020aa371b7b2acfaba973d93223adf91580"
  integrity sha512-g8BVNBj5Zeb5/Y3cSN+hDUL7CsIFDIuVxb9EPty3lkxBaYpjL5BNRKSYOF9yOLe+JOcKFd+TSVeADQ4iSY7rbg==
  dependencies:
    "@inquirer/core" "^10.1.14"
    "@inquirer/type" "^3.0.7"
    ansi-escapes "^4.3.2"

"@inquirer/prompts@^7.6.0":
  version "7.6.0"
  resolved "https://registry.yarnpkg.com/@inquirer/prompts/-/prompts-7.6.0.tgz#46f82154d9d9e4d8a2999d36f9da3594b1dda9f8"
  integrity sha512-jAhL7tyMxB3Gfwn4HIJ0yuJ5pvcB5maYUcouGcgd/ub79f9MqZ+aVnBtuFf+VC2GTkCBF+R+eo7Vi63w5VZlzw==
  dependencies:
    "@inquirer/checkbox" "^4.1.9"
    "@inquirer/confirm" "^5.1.13"
    "@inquirer/editor" "^4.2.14"
    "@inquirer/expand" "^4.0.16"
    "@inquirer/input" "^4.2.0"
    "@inquirer/number" "^3.0.16"
    "@inquirer/password" "^4.0.16"
    "@inquirer/rawlist" "^4.1.4"
    "@inquirer/search" "^3.0.16"
    "@inquirer/select" "^4.2.4"

"@inquirer/rawlist@^4.1.4":
  version "4.1.4"
  resolved "https://registry.yarnpkg.com/@inquirer/rawlist/-/rawlist-4.1.4.tgz#a08ccbd2cc3c800fc09787a690918cb3932abbc6"
  integrity sha512-5GGvxVpXXMmfZNtvWw4IsHpR7RzqAR624xtkPd1NxxlV5M+pShMqzL4oRddRkg8rVEOK9fKdJp1jjVML2Lr7TQ==
  dependencies:
    "@inquirer/core" "^10.1.14"
    "@inquirer/type" "^3.0.7"
    yoctocolors-cjs "^2.1.2"

"@inquirer/search@^3.0.16":
  version "3.0.16"
  resolved "https://registry.yarnpkg.com/@inquirer/search/-/search-3.0.16.tgz#b72a75216f59a42a77fc5727b47f6bc776d88d3d"
  integrity sha512-POCmXo+j97kTGU6aeRjsPyuCpQQfKcMXdeTMw708ZMtWrj5aykZvlUxH4Qgz3+Y1L/cAVZsSpA+UgZCu2GMOMg==
  dependencies:
    "@inquirer/core" "^10.1.14"
    "@inquirer/figures" "^1.0.12"
    "@inquirer/type" "^3.0.7"
    yoctocolors-cjs "^2.1.2"

"@inquirer/select@^4.2.4":
  version "4.2.4"
  resolved "https://registry.yarnpkg.com/@inquirer/select/-/select-4.2.4.tgz#72c964e24bf15316cbc4dc08183106a094c975f2"
  integrity sha512-unTppUcTjmnbl/q+h8XeQDhAqIOmwWYWNyiiP2e3orXrg6tOaa5DHXja9PChCSbChOsktyKgOieRZFnajzxoBg==
  dependencies:
    "@inquirer/core" "^10.1.14"
    "@inquirer/figures" "^1.0.12"
    "@inquirer/type" "^3.0.7"
    ansi-escapes "^4.3.2"
    yoctocolors-cjs "^2.1.2"

"@inquirer/type@^3.0.7":
  version "3.0.7"
  resolved "https://registry.yarnpkg.com/@inquirer/type/-/type-3.0.7.tgz#b46bcf377b3172dbc768fdbd053e6492ad801a09"
  integrity sha512-PfunHQcjwnju84L+ycmcMKB/pTPIngjUJvfnRhKY6FKPuYXlM4aQCb/nIdTFR6BEhMjFvngzvng/vBAJMZpLSA==

"@noble/ciphers@^0.5.1":
  version "0.5.3"
  resolved "https://registry.yarnpkg.com/@noble/ciphers/-/ciphers-0.5.3.tgz#48b536311587125e0d0c1535f73ec8375cd76b23"
  integrity sha512-B0+6IIHiqEs3BPMT0hcRmHvEj2QHOLu+uwt+tqDDeVd0oyVzh7BPrDcPjRnV1PV/5LaknXJJQvOuRGR0zQJz+w==

"@noble/curves@1.2.0":
  version "1.2.0"
  resolved "https://registry.yarnpkg.com/@noble/curves/-/curves-1.2.0.tgz#92d7e12e4e49b23105a2555c6984d41733d65c35"
  integrity sha512-oYclrNgRaM9SsBUBVbb8M6DTV7ZHRTKugureoYEncY5c65HOmRzvSiTE3y5CYaPYJA/GVkrhXEoF0M3Ya9PMnw==
  dependencies:
    "@noble/hashes" "1.3.2"

"@noble/curves@~1.1.0":
  version "1.1.0"
  resolved "https://registry.yarnpkg.com/@noble/curves/-/curves-1.1.0.tgz#f13fc667c89184bc04cccb9b11e8e7bae27d8c3d"
  integrity sha512-091oBExgENk/kGj3AZmtBDMpxQPDtxQABR2B9lb1JbVTs6ytdzZNwvhxQ4MWasRNEzlbEH8jCWFCwhF/Obj5AA==
  dependencies:
    "@noble/hashes" "1.3.1"

"@noble/hashes@1.3.1":
  version "1.3.1"
  resolved "https://registry.yarnpkg.com/@noble/hashes/-/hashes-1.3.1.tgz#8831ef002114670c603c458ab8b11328406953a9"
  integrity sha512-EbqwksQwz9xDRGfDST86whPBgM65E0OH/pCgqW0GBVzO22bNE+NuIbeTb714+IfSjU3aRk47EUvXIb5bTsenKA==

"@noble/hashes@1.3.2":
  version "1.3.2"
  resolved "https://registry.yarnpkg.com/@noble/hashes/-/hashes-1.3.2.tgz#6f26dbc8fbc7205873ce3cee2f690eba0d421b39"
  integrity sha512-MVC8EAQp7MvEcm30KWENFjgR+Mkmf+D189XJTkFIlwohU5hcBbn1ZkKq7KVTi2Hme3PMGF390DaL52beVrIihQ==

"@noble/hashes@~1.3.0", "@noble/hashes@~1.3.1":
  version "1.3.3"
  resolved "https://registry.yarnpkg.com/@noble/hashes/-/hashes-1.3.3.tgz#39908da56a4adc270147bb07968bf3b16cfe1699"
  integrity sha512-V7/fPHgl+jsVPXqqeOzT8egNj2iBIVt+ECeMMG8TdcnTikP3oaBtUVqpT/gYCR68aEBJSF+XbYUxStjbFMqIIA==

"@scure/base@1.1.1", "@scure/base@~1.1.0":
  version "1.1.1"
  resolved "https://registry.yarnpkg.com/@scure/base/-/base-1.1.1.tgz#ebb651ee52ff84f420097055f4bf46cfba403938"
  integrity sha512-ZxOhsSyxYwLJj3pLZCefNitxsj093tb2vq90mp2txoYeBqbcjDjqFhyM8eUjq/uFm6zJ+mUuqxlS2FkuSY1MTA==

"@scure/bip32@1.3.1":
  version "1.3.1"
  resolved "https://registry.yarnpkg.com/@scure/bip32/-/bip32-1.3.1.tgz#7248aea723667f98160f593d621c47e208ccbb10"
  integrity sha512-osvveYtyzdEVbt3OfwwXFr4P2iVBL5u1Q3q4ONBfDY/UpOuXmOlbgwc1xECEboY8wIays8Yt6onaWMUdUbfl0A==
  dependencies:
    "@noble/curves" "~1.1.0"
    "@noble/hashes" "~1.3.1"
    "@scure/base" "~1.1.0"

"@scure/bip39@1.2.1":
  version "1.2.1"
  resolved "https://registry.yarnpkg.com/@scure/bip39/-/bip39-1.2.1.tgz#5cee8978656b272a917b7871c981e0541ad6ac2a"
  integrity sha512-Z3/Fsz1yr904dduJD0NpiyRHhRYHdcnyh73FZWiV+/qhWi83wNJ3NWolYqCEN+ZWsUz2TWwajJggcRE9r1zUYg==
  dependencies:
    "@noble/hashes" "~1.3.0"
    "@scure/base" "~1.1.0"

ansi-escapes@^4.3.2:
  version "4.3.2"
  resolved "https://registry.yarnpkg.com/ansi-escapes/-/ansi-escapes-4.3.2.tgz#6b2291d1db7d98b6521d5f1efa42d0f3a9feb65e"
  integrity sha512-gKXj5ALrKWQLsYG9jlTRmR/xKluxHV+Z9QEwNIgCfM1/uwPMCuzVVnh5mwTd+OuBZcwSIMbqssNWRm1lE51QaQ==
  dependencies:
    type-fest "^0.21.3"

ansi-regex@^5.0.1:
  version "5.0.1"
  resolved "https://registry.yarnpkg.com/ansi-regex/-/ansi-regex-5.0.1.tgz#082cb2c89c9fe8659a311a53bd6a4dc5301db304"
  integrity sha512-quJQXlTSUGL2LH9SUXo8VwsY4soanhgo6LNSm84E1LBcE8s3O0wpdiRzyR9z/ZZJMlMWv37qOOb9pdJlMUEKFQ==

ansi-styles@^4.0.0:
  version "4.3.0"
  resolved "https://registry.yarnpkg.com/ansi-styles/-/ansi-styles-4.3.0.tgz#edd803628ae71c04c85ae7a0906edad34b648937"
  integrity sha512-zbB9rCJAT1rbjiVDb2hqKFHNYLxgtk8NURxZ3IZwD3F6NtxbXZQCnnSi1Lkx+IDohdPlFp222wVALIheZJQSEg==
  dependencies:
    color-convert "^2.0.1"

bufferutil@^4.0.1:
  version "4.0.7"
  resolved "https://registry.yarnpkg.com/bufferutil/-/bufferutil-4.0.7.tgz#60c0d19ba2c992dd8273d3f73772ffc894c153ad"
  integrity sha512-kukuqc39WOHtdxtw4UScxF/WVnMFVSQVKhtx3AjZJzhd0RGZZldcrfSEbVsWWe6KNH253574cq5F+wpv0G9pJw==
  dependencies:
    node-gyp-build "^4.3.0"

chalk@^5.4.1:
  version "5.4.1"
  resolved "https://registry.yarnpkg.com/chalk/-/chalk-5.4.1.tgz#1b48bf0963ec158dce2aacf69c093ae2dd2092d8"
  integrity sha512-zgVZuo2WcZgfUEmsn6eO3kINexW8RAE4maiQ8QNs8CtpPCSyMiYsULR3HQYkm3w8FIA3SberyMJMSldGsW+U3w==

chardet@^0.7.0:
  version "0.7.0"
  resolved "https://registry.yarnpkg.com/chardet/-/chardet-0.7.0.tgz#90094849f0937f2eedc2425d0d28a9e5f0cbad9e"
  integrity sha512-mT8iDcrh03qDGRRmoA2hmBJnxpllMR+0/0qlzjqZES6NdiWDcZkCNAk4rPFZ9Q85r27unkiNNg8ZOiwZXBHwcA==

cli-width@^4.1.0:
  version "4.1.0"
  resolved "https://registry.yarnpkg.com/cli-width/-/cli-width-4.1.0.tgz#42daac41d3c254ef38ad8ac037672130173691c5"
  integrity sha512-ouuZd4/dm2Sw5Gmqy6bGyNNNe1qt9RpmxveLSO7KcgsTnU7RXfsw+/bukWGo1abgBiMAic068rclZsO4IWmmxQ==

color-convert@^2.0.1:
  version "2.0.1"
  resolved "https://registry.yarnpkg.com/color-convert/-/color-convert-2.0.1.tgz#72d3a68d598c9bdb3af2ad1e84f21d896abd4de3"
  integrity sha512-RRECPsj7iu/xb5oKYcsFHSppFNnsj/52OVTRKb4zP5onXwVF3zVmmToNcOfGC+CRDpfK/U584fMg38ZHCaElKQ==
  dependencies:
    color-name "~1.1.4"

color-name@~1.1.4:
  version "1.1.4"
  resolved "https://registry.yarnpkg.com/color-name/-/color-name-1.1.4.tgz#c2a09a87acbde69543de6f63fa3995c826c536a2"
  integrity sha512-dOy+3AuW3a2wNbZHIuMZpTcgjGuLU/uBL/ubcZF9OXbDo8ff4O8yVp5Bf0efS8uEoYo5q4Fx7dY9OgQGXgAsQA==

d@1, d@^1.0.1:
  version "1.0.1"
  resolved "https://registry.yarnpkg.com/d/-/d-1.0.1.tgz#8698095372d58dbee346ffd0c7093f99f8f9eb5a"
  integrity sha512-m62ShEObQ39CfralilEQRjH6oAMtNCV1xJyEx5LpRYUVN+EviphDgUc/F3hnYbADmkiNs67Y+3ylmlG7Lnu+FA==
  dependencies:
    es5-ext "^0.10.50"
    type "^1.0.1"

debug@^2.2.0:
  version "2.6.9"
  resolved "https://registry.yarnpkg.com/debug/-/debug-2.6.9.tgz#5d128515df134ff327e90a4c93f4e077a536341f"
  integrity sha512-bC7ElrdJaJnPbAP+1EotYvqZsb3ecl5wi6Bfi6BJTUcNowp6cvspg0jXznRTKDjm/E7AdgFBVeAPVMNcKGsHMA==
  dependencies:
    ms "2.0.0"

emoji-regex@^8.0.0:
  version "8.0.0"
  resolved "https://registry.yarnpkg.com/emoji-regex/-/emoji-regex-8.0.0.tgz#e818fd69ce5ccfcb404594f842963bf53164cc37"
  integrity sha512-MSjYzcWNOA0ewAHpz0MxpYFvwg6yjy1NG3xteoqz644VCo/RPgnr1/GGt+ic3iJTzQ8Eu3TdM14SawnVUmGE6A==

es5-ext@^0.10.35, es5-ext@^0.10.50:
  version "0.10.62"
  resolved "https://registry.yarnpkg.com/es5-ext/-/es5-ext-0.10.62.tgz#5e6adc19a6da524bf3d1e02bbc8960e5eb49a9a5"
  integrity sha512-BHLqn0klhEpnOKSrzn/Xsz2UIW8j+cGmo9JLzr8BiUapV8hPL9+FliFqjwr9ngW7jWdnxv6eO+/LqyhJVqgrjA==
  dependencies:
    es6-iterator "^2.0.3"
    es6-symbol "^3.1.3"
    next-tick "^1.1.0"

es6-iterator@^2.0.3:
  version "2.0.3"
  resolved "https://registry.yarnpkg.com/es6-iterator/-/es6-iterator-2.0.3.tgz#a7de889141a05a94b0854403b2d0a0fbfa98f3b7"
  integrity sha512-zw4SRzoUkd+cl+ZoE15A9o1oQd920Bb0iOJMQkQhl3jNc03YqVjAhG7scf9C5KWRU/R13Orf588uCC6525o02g==
  dependencies:
    d "1"
    es5-ext "^0.10.35"
    es6-symbol "^3.1.1"

es6-symbol@^3.1.1, es6-symbol@^3.1.3:
  version "3.1.3"
  resolved "https://registry.yarnpkg.com/es6-symbol/-/es6-symbol-3.1.3.tgz#bad5d3c1bcdac28269f4cb331e431c78ac705d18"
  integrity sha512-NJ6Yn3FuDinBaBRWl/q5X/s4koRHBrgKAu+yGI6JCBeiu3qrcbJhwT2GeR/EXVfylRk8dpQVJoLEFhK+Mu31NA==
  dependencies:
    d "^1.0.1"
    ext "^1.1.2"

ext@^1.1.2:
  version "1.7.0"
  resolved "https://registry.yarnpkg.com/ext/-/ext-1.7.0.tgz#0ea4383c0103d60e70be99e9a7f11027a33c4f5f"
  integrity sha512-6hxeJYaL110a9b5TEJSj0gojyHQAmA2ch5Os+ySCiA1QGdS697XWY1pzsrSjqA9LDEEgdB/KypIlR59RcLuHYw==
  dependencies:
    type "^2.7.2"

external-editor@^3.1.0:
  version "3.1.0"
  resolved "https://registry.yarnpkg.com/external-editor/-/external-editor-3.1.0.tgz#cb03f740befae03ea4d283caed2741a83f335495"
  integrity sha512-hMQ4CX1p1izmuLYyZqLMO/qGNw10wSv9QDCPfzXfyFrOaCSSoRfqE1Kf1s5an66J5JZC62NewG+mK49jOCtQew==
  dependencies:
    chardet "^0.7.0"
    iconv-lite "^0.4.24"
    tmp "^0.0.33"

iconv-lite@^0.4.24:
  version "0.4.24"
  resolved "https://registry.yarnpkg.com/iconv-lite/-/iconv-lite-0.4.24.tgz#2022b4b25fbddc21d2f524974a474aafe733908b"
  integrity sha512-v3MXnZAcvnywkTUEZomIActle7RXXeedOR31wwl7VlyoXO4Qi9arvSenNQWne1TcRwhCL1HwLI21bEqdpj8/rA==
  dependencies:
    safer-buffer ">= 2.1.2 < 3"

is-fullwidth-code-point@^3.0.0:
  version "3.0.0"
  resolved "https://registry.yarnpkg.com/is-fullwidth-code-point/-/is-fullwidth-code-point-3.0.0.tgz#f116f8064fe90b3f7844a38997c0b75051269f1d"
  integrity sha512-zymm5+u+sCsSWyD9qNaejV3DFvhCKclKdizYaJUuHA83RLjb7nSuGnddCHGv0hk+KY7BMAlsWeK4Ueg6EV6XQg==

is-typedarray@^1.0.0:
  version "1.0.0"
  resolved "https://registry.yarnpkg.com/is-typedarray/-/is-typedarray-1.0.0.tgz#e479c80858df0c1b11ddda6940f96011fcda4a9a"
  integrity sha512-cyA56iCMHAh5CdzjJIa4aohJyeO1YbwLi3Jc35MmRU6poroFjIGZzUzupGiRPOjgHg9TLu43xbpwXk523fMxKA==

ms@2.0.0:
  version "2.0.0"
  resolved "https://registry.yarnpkg.com/ms/-/ms-2.0.0.tgz#5608aeadfc00be6c2901df5f9861788de0d597c8"
  integrity sha512-Tpp60P6IUJDTuOq/5Z8cdskzJujfwqfOTkrwIwj7IRISpnkJnT6SyJ4PCPnGMoFjC9ddhal5KVIYtAt97ix05A==

mute-stream@^2.0.0:
  version "2.0.0"
  resolved "https://registry.yarnpkg.com/mute-stream/-/mute-stream-2.0.0.tgz#a5446fc0c512b71c83c44d908d5c7b7b4c493b2b"
  integrity sha512-WWdIxpyjEn+FhQJQQv9aQAYlHoNVdzIzUySNV1gHUPDSdZJ3yZn7pAAbQcV7B56Mvu881q9FZV+0Vx2xC44VWA==

next-tick@^1.1.0:
  version "1.1.0"
  resolved "https://registry.yarnpkg.com/next-tick/-/next-tick-1.1.0.tgz#1836ee30ad56d67ef281b22bd199f709449b35eb"
  integrity sha512-CXdUiJembsNjuToQvxayPZF9Vqht7hewsvy2sOWafLvi2awflj9mOC6bHIg50orX8IJvWKY9wYQ/zB2kogPslQ==

node-gyp-build@^4.3.0:
  version "4.6.0"
  resolved "https://registry.yarnpkg.com/node-gyp-build/-/node-gyp-build-4.6.0.tgz#0c52e4cbf54bbd28b709820ef7b6a3c2d6209055"
  integrity sha512-NTZVKn9IylLwUzaKjkas1e4u2DLNcV4rdYagA4PWdPwW87Bi7z+BznyKSRwS/761tV/lzCGXplWsiaMjLqP2zQ==

nostr-tools@2.15.0, nostr-tools@^2.15.0:
  version "2.15.0"
  resolved "https://registry.yarnpkg.com/nostr-tools/-/nostr-tools-2.15.0.tgz#cd119006681a861cabcdcf0200d29fd9864ddab8"
  integrity sha512-Jj/+UFbu3JbTAWP4ipPFNuyD4W5eVRBNAP+kmnoRCYp3bLmTrlQ0Qhs5O1xSQJTFpjdZqoS0zZOUKdxUdjc+pw==
  dependencies:
    "@noble/ciphers" "^0.5.1"
    "@noble/curves" "1.2.0"
    "@noble/hashes" "1.3.1"
    "@scure/base" "1.1.1"
    "@scure/bip32" "1.3.1"
    "@scure/bip39" "1.2.1"
    nostr-wasm "0.1.0"

nostr-wasm@0.1.0:
  version "0.1.0"
  resolved "https://registry.yarnpkg.com/nostr-wasm/-/nostr-wasm-0.1.0.tgz#17af486745feb2b7dd29503fdd81613a24058d94"
  integrity sha512-78BTryCLcLYv96ONU8Ws3Q1JzjlAt+43pWQhIl86xZmWeegYCNLPml7yQ+gG3vR6V5h4XGj+TxO+SS5dsThQIA==

os-tmpdir@~1.0.2:
  version "1.0.2"
  resolved "https://registry.yarnpkg.com/os-tmpdir/-/os-tmpdir-1.0.2.tgz#bbe67406c79aa85c5cfec766fe5734555dfa1274"
  integrity sha512-D2FR03Vir7FIu45XBY20mTb+/ZSWB00sjU9jdQXt83gDrI4Ztz5Fs7/yy74g2N5SVQY4xY1qDr4rNddwYRVX0g==

qrcode-terminal@^0.12.0:
  version "0.12.0"
  resolved "https://registry.yarnpkg.com/qrcode-terminal/-/qrcode-terminal-0.12.0.tgz#bb5b699ef7f9f0505092a3748be4464fe71b5819"
  integrity sha512-EXtzRZmC+YGmGlDFbXKxQiMZNwCLEO6BANKXG4iCtSIM0yqc/pappSx3RIKr4r0uh5JsBckOXeKrB3Iz7mdQpQ==

"safer-buffer@>= 2.1.2 < 3":
  version "2.1.2"
  resolved "https://registry.yarnpkg.com/safer-buffer/-/safer-buffer-2.1.2.tgz#44fa161b0187b9549dd84bb91802f9bd8385cd6a"
  integrity sha512-YZo3K82SD7Riyi0E1EQPojLz7kpepnSQI9IyPbHHg1XXXevb5dJI7tpyN2ADxGcQbHG7vcyRHk0cbwqcQriUtg==

signal-exit@^4.1.0:
  version "4.1.0"
  resolved "https://registry.yarnpkg.com/signal-exit/-/signal-exit-4.1.0.tgz#952188c1cbd546070e2dd20d0f41c0ae0530cb04"
  integrity sha512-bzyZ1e88w9O1iNJbKnOlvYTrWPDl46O1bG0D3XInv+9tkPrxrN8jUUTiFlDkkmKWgn1M6CfIA13SuGqOa9Korw==

string-width@^4.1.0:
  version "4.2.3"
  resolved "https://registry.yarnpkg.com/string-width/-/string-width-4.2.3.tgz#269c7117d27b05ad2e536830a8ec895ef9c6d010"
  integrity sha512-wKyQRQpjJ0sIp62ErSZdGsjMJWsap5oRNihHhu6G7JVO/9jIB6UyevL+tXuOqrng8j/cxKTWyWUwvSTriiZz/g==
  dependencies:
    emoji-regex "^8.0.0"
    is-fullwidth-code-point "^3.0.0"
    strip-ansi "^6.0.1"

strip-ansi@^6.0.0, strip-ansi@^6.0.1:
  version "6.0.1"
  resolved "https://registry.yarnpkg.com/strip-ansi/-/strip-ansi-6.0.1.tgz#9e26c63d30f53443e9489495b2105d37b67a85d9"
  integrity sha512-Y38VPSHcqkFrCpFnQ9vuSXmquuv5oXOKpGeT6aGrr3o3Gc9AlVa6JBfUSOCnbxGGZF+/0ooI7KrPuUSztUdU5A==
  dependencies:
    ansi-regex "^5.0.1"

tmp@^0.0.33:
  version "0.0.33"
  resolved "https://registry.yarnpkg.com/tmp/-/tmp-0.0.33.tgz#6d34335889768d21b2bcda0aa277ced3b1bfadf9"
  integrity sha512-jRCJlojKnZ3addtTOjdIqoRuPEKBvNXcGYqzO6zWZX8KfKEpnGY5jfggJQ3EjKuu8D4bJRr0y+cYJFmYbImXGw==
  dependencies:
    os-tmpdir "~1.0.2"

tstl@^2.0.7:
  version "2.5.13"
  resolved "https://registry.yarnpkg.com/tstl/-/tstl-2.5.13.tgz#a5a5d27b79a12767e46a08525b3e045c5cdb1180"
  integrity sha512-h9wayHHFI5+yqt8iau0vqH96cTNhezhZ/Fk/hrIdpfkiMu3lg9nzyvMfs5bIdX51IVzZO6DudLqhkL/rVXpT6g==

type-fest@^0.21.3:
  version "0.21.3"
  resolved "https://registry.yarnpkg.com/type-fest/-/type-fest-0.21.3.tgz#d260a24b0198436e133fa26a524a6d65fa3b2e37"
  integrity sha512-t0rzBq87m3fVcduHDUFhKmyyX+9eo6WQjZvf51Ea/M0Q7+T374Jp1aUiyUl0GKxp8M/OETVHSDvmkyPgvX+X2w==

type@^1.0.1:
  version "1.2.0"
  resolved "https://registry.yarnpkg.com/type/-/type-1.2.0.tgz#848dd7698dafa3e54a6c479e759c4bc3f18847a0"
  integrity sha512-+5nt5AAniqsCnu2cEQQdpzCAh33kVx8n0VoFidKpB1dVVLAN/F+bgVOqOJqOnEnrhp222clB5p3vUlD+1QAnfg==

type@^2.7.2:
  version "2.7.2"
  resolved "https://registry.yarnpkg.com/type/-/type-2.7.2.tgz#2376a15a3a28b1efa0f5350dcf72d24df6ef98d0"
  integrity sha512-dzlvlNlt6AXU7EBSfpAscydQ7gXB+pPGsPnfJnZpiNJBDj7IaJzQlBZYGdEi4R9HmPdBv2XmWJ6YUtoTa7lmCw==

typedarray-to-buffer@^3.1.5:
  version "3.1.5"
  resolved "https://registry.yarnpkg.com/typedarray-to-buffer/-/typedarray-to-buffer-3.1.5.tgz#a97ee7a9ff42691b9f783ff1bc5112fe3fca9080"
  integrity sha512-zdu8XMNEDepKKR+XYOXAVPtWui0ly0NtohUscw+UmaHiAWT8hrV1rr//H6V+0DvJ3OQ19S979M0laLfX8rm82Q==
  dependencies:
    is-typedarray "^1.0.0"

utf-8-validate@^5.0.2:
  version "5.0.10"
  resolved "https://registry.yarnpkg.com/utf-8-validate/-/utf-8-validate-5.0.10.tgz#d7d10ea39318171ca982718b6b96a8d2442571a2"
  integrity sha512-Z6czzLq4u8fPOyx7TU6X3dvUZVvoJmxSQ+IcrlmagKhilxlhZgxPK6C5Jqbkw1IDUmFTM+cz9QDnnLTwDz/2gQ==
  dependencies:
    node-gyp-build "^4.3.0"

websocket-polyfill@^0.0.3:
  version "0.0.3"
  resolved "https://registry.yarnpkg.com/websocket-polyfill/-/websocket-polyfill-0.0.3.tgz#7321ada0f5f17516290ba1cb587ac111b74ce6a5"
  integrity sha512-pF3kR8Uaoau78MpUmFfzbIRxXj9PeQrCuPepGE6JIsfsJ/o/iXr07Q2iQNzKSSblQJ0FiGWlS64N4pVSm+O3Dg==
  dependencies:
    tstl "^2.0.7"
    websocket "^1.0.28"

websocket@^1.0.28:
  version "1.0.34"
  resolved "https://registry.yarnpkg.com/websocket/-/websocket-1.0.34.tgz#2bdc2602c08bf2c82253b730655c0ef7dcab3111"
  integrity sha512-PRDso2sGwF6kM75QykIesBijKSVceR6jL2G8NGYyq2XrItNC2P5/qL5XeR056GhA+Ly7JMFvJb9I312mJfmqnQ==
  dependencies:
    bufferutil "^4.0.1"
    debug "^2.2.0"
    es5-ext "^0.10.50"
    typedarray-to-buffer "^3.1.5"
    utf-8-validate "^5.0.2"
    yaeti "^0.0.6"

wrap-ansi@^6.2.0:
  version "6.2.0"
  resolved "https://registry.yarnpkg.com/wrap-ansi/-/wrap-ansi-6.2.0.tgz#e9393ba07102e6c91a3b221478f0257cd2856e53"
  integrity sha512-r6lPcBGxZXlIcymEu7InxDMhdW0KDxpLgoFLcguasxCaJ/SOIZwINatK9KY/tf+ZrlywOKU0UDj3ATXUBfxJXA==
  dependencies:
    ansi-styles "^4.0.0"
    string-width "^4.1.0"
    strip-ansi "^6.0.0"

yaeti@^0.0.6:
  version "0.0.6"
  resolved "https://registry.yarnpkg.com/yaeti/-/yaeti-0.0.6.tgz#f26f484d72684cf42bedfb76970aa1608fbf9577"
  integrity sha512-MvQa//+KcZCUkBTIC9blM+CU9J2GzuTytsOUwf2lidtvkx/6gnEp1QvJv34t9vdjhFmha/mUiNDbN0D0mJWdug==

yoctocolors-cjs@^2.1.2:
  version "2.1.2"
  resolved "https://registry.yarnpkg.com/yoctocolors-cjs/-/yoctocolors-cjs-2.1.2.tgz#f4b905a840a37506813a7acaa28febe97767a242"
  integrity sha512-cYVsTjKl8b+FrnidjibDWskAv7UKOfcwaVZdp/it9n1s9fU3IkgDbhdIRKCW4JDsAlECJY0ytoVPT3sK6kideA==
